
Microsoft Visual Studio Solution File, Format Version 12.00
# Visual Studio Version 17
VisualStudioVersion = 17.1.32421.90
MinimumVisualStudioVersion = 10.0.40219.1
Project("{9A19103F-16F7-4668-BE54-9A1E7A4F7556}") = "TradeCategory.Lib", "TradeCategory.Lib\TradeCategory.Lib.csproj", "{98FC3822-3D16-4FA8-BDC3-6B1B5CEDD3AC}"
EndProject
Project("{9A19103F-16F7-4668-BE54-9A1E7A4F7556}") = "TradeCategory.Client.Console", "TradeCategory.Client.Console\TradeCategory.Client.Console.csproj", "{D245876F-9520-4E76-9DC8-B2E9C97AA5A4}"
EndProject
Project("{FAE04EC0-301F-11D3-BF4B-00C04F79EFBC}") = "TradeCategory.Tests", "TradeCategory.Tests\TradeCategory.Tests.csproj", "{43492FDD-C7B7-4190-B62D-274E3F7AC36C}"
EndProject
Global
	GlobalSection(SolutionConfigurationPlatforms) = preSolution
		Debug|Any CPU = Debug|Any CPU
		Release|Any CPU = Release|Any CPU
	EndGlobalSection
	GlobalSection(ProjectConfigurationPlatforms) = postSolution
		{98FC3822-3D16-4FA8-BDC3-6B1B5CEDD3AC}.Debug|Any CPU.ActiveCfg = Debug|Any CPU
		{98FC3822-3D16-4FA8-BDC3-6B1B5CEDD3AC}.Debug|Any CPU.Build.0 = Debug|Any CPU
		{98FC3822-3D16-4FA8-BDC3-6B1B5CEDD3AC}.Release|Any CPU.ActiveCfg = Release|Any CPU
		{98FC3822-3D16-4FA8-BDC3-6B1B5CEDD3AC}.Release|Any CPU.Build.0 = Release|Any CPU
		{D245876F-9520-4E76-9DC8-B2E9C97AA5A4}.Debug|Any CPU.ActiveCfg = Debug|Any CPU
		{D245876F-9520-4E76-9DC8-B2E9C97AA5A4}.Debug|Any CPU.Build.0 = Debug|Any CPU
		{D245876F-9520-4E76-9DC8-B2E9C97AA5A4}.Release|Any CPU.ActiveCfg = Release|Any CPU
		{D245876F-9520-4E76-9DC8-B2E9C97AA5A4}.Release|Any CPU.Build.0 = Release|Any CPU
		{43492FDD-C7B7-4190-B62D-274E3F7AC36C}.Debug|Any CPU.ActiveCfg = Debug|Any CPU
		{43492FDD-C7B7-4190-B62D-274E3F7AC36C}.Debug|Any CPU.Build.0 = Debug|Any CPU
		{43492FDD-C7B7-4190-B62D-274E3F7AC36C}.Release|Any CPU.ActiveCfg = Release|Any CPU
		{43492FDD-C7B7-4190-B62D-274E3F7AC36C}.Release|Any CPU.Build.0 = Release|Any CPU
	EndGlobalSection
	GlobalSection(SolutionProperties) = preSolution
		HideSolutionNode = FALSE
	EndGlobalSection
	GlobalSection(ExtensibilityGlobals) = postSolution
		SolutionGuid = {87D03311-568D-46D5-924E-40FE107C0BB1}
	EndGlobalSection
EndGlobal
